{
  "name": "@braid/ue-griddle",
  "version": "0.0.1",
  "lockfileVersion": 1,
  "requires": true,
  "dependencies": {
    "@braid/griddle-scss": {
      "version": "0.0.1",
      "resolved": "https://registry.npmjs.org/@braid/griddle-scss/-/griddle-scss-0.0.1.tgz",
      "integrity": "sha512-DAasBUBk4fHLjKV/XPguMWMaXU29vhrsharSHJRpUsUMno7+6UQvrI1g9u3tHT0HzoogNjCIBekqiqEQpyZ+/w=="
    }
  }
}
