{
  "name": "@braid/vue-griddle",
  "version": "0.1.0",
  "lockfileVersion": 1,
  "requires": true,
  "dependencies": {
    "@braid/griddle-scss": {
      "version": "0.1.1",
      "resolved": "https://registry.npmjs.org/@braid/griddle-scss/-/griddle-scss-0.1.1.tgz",
      "integrity": "sha512-A4B/S06PyuA4p1JG6BPmHsx/3ZOYz1Fa4UwQxEQQuoi/99V8nUowAGhV0UdiWa5/cqFnUSIeX8Ru1WyBzEDEgA=="
    }
  }
}
