{
  "name": "@braid/vue-griddle",
  "version": "0.1.2",
  "lockfileVersion": 1,
  "requires": true,
  "dependencies": {
    "@braid/griddle-scss": {
      "version": "0.1.2",
      "resolved": "https://registry.npmjs.org/@braid/griddle-scss/-/griddle-scss-0.1.2.tgz",
      "integrity": "sha512-Bd/yV6gdGtUNiGwweAMSTNoeWCTQaPlbQiT+1v7QibJvwZzYyF4u4hBCrfpFsfycCDQIZobSbMaBJSpo0ytp7g=="
    }
  }
}
